<Solution>
  <Folder Name="/src/">
    <Project Path="src/InterCat.Domain/InterCat.Domain.csproj" />
    <Project Path="src/InterCat.Storage/InterCat.Storage.csproj" />
    <Project Path="src/InterCat.Analysis/InterCat.Analysis.csproj" />
    <Project Path="src/InterCat.Benchmarks/InterCat.Benchmarks.csproj" />
    <Project Path="src/InterCat.Application/InterCat.Application.csproj" />
    <Project Path="src/InterCat.Capture.Windows/InterCat.Capture.Windows.csproj" />
    <Project Path="src/InterCat.Capture.Recording/InterCat.Capture.Recording.csproj" />
    <Project Path="src/InterCat.Capture.Journal/InterCat.Capture.Journal.csproj" />
    <Project Path="src/InterCat.CaptureBroker.Protocol/InterCat.CaptureBroker.Protocol.csproj" />
    <Project Path="src/InterCat.CaptureBroker/InterCat.CaptureBroker.csproj" />
    <Project Path="src/InterCat.Desktop/InterCat.Desktop.csproj" />
    <Project Path="src/InterCat.Cli/InterCat.Cli.csproj" />
    <Project Path="src/InterCat.TestWorkloads/InterCat.TestWorkloads.csproj" />
  </Folder>
  <Folder Name="/tools/">
    <Project Path="tools/InterCat.BrokerQualification/InterCat.BrokerQualification.csproj" />
    <Project Path="tools/InterCat.CaptureComparison/InterCat.CaptureComparison.csproj" />
    <Project Path="tools/InterCat.JournalProbe/InterCat.JournalProbe.csproj" />
    <Project Path="tools/InterCat.ThemeReport/InterCat.ThemeReport.csproj" />
  </Folder>
  <Folder Name="/tests/">
    <Project Path="tests/InterCat.Domain.Tests/InterCat.Domain.Tests.csproj" />
    <Project Path="tests/InterCat.Application.Tests/InterCat.Application.Tests.csproj" />
    <Project Path="tests/InterCat.Analysis.Tests/InterCat.Analysis.Tests.csproj" />
    <Project Path="tests/InterCat.Capture.Windows.Tests/InterCat.Capture.Windows.Tests.csproj" />
    <Project Path="tests/InterCat.Capture.Journal.Tests/InterCat.Capture.Journal.Tests.csproj" />
    <Project Path="tests/InterCat.CaptureBroker.Tests/InterCat.CaptureBroker.Tests.csproj" />
    <Project Path="tests/InterCat.CaptureComparison.Tests/InterCat.CaptureComparison.Tests.csproj" />
    <Project Path="tests/InterCat.Desktop.Tests/InterCat.Desktop.Tests.csproj" />
    <Project Path="tests/InterCat.Ui.Tests/InterCat.Ui.Tests.csproj" />
    <Project Path="tests/InterCat.Property.Tests/InterCat.Property.Tests.csproj" />
    <Project Path="tests/InterCat.Storage.Tests/InterCat.Storage.Tests.csproj" />
    <Project Path="tests/InterCat.Architecture.Tests/InterCat.Architecture.Tests.csproj" />
  </Folder>
</Solution>
